
Microsoft Visual Studio Solution File, Format Version 12.00
# Visual Studio Version 17
VisualStudioVersion = 17.2.32630.192
MinimumVisualStudioVersion = 10.0.40219.1
Project("{FAE04EC0-301F-11D3-BF4B-00C04F79EFBC}") = "LineComparison", "LineComparison.csproj", "{224A1A97-5943-4710-A3BB-25A5E075D4AE}"
EndProject
Global
	GlobalSection(SolutionConfigurationPlatforms) = preSolution
		Debug|Any CPU = Debug|Any CPU
		Release|Any CPU = Release|Any CPU
	EndGlobalSection
	GlobalSection(ProjectConfigurationPlatforms) = postSolution
		{224A1A97-5943-4710-A3BB-25A5E075D4AE}.Debug|Any CPU.ActiveCfg = Debug|Any CPU
		{224A1A97-5943-4710-A3BB-25A5E075D4AE}.Debug|Any CPU.Build.0 = Debug|Any CPU
		{224A1A97-5943-4710-A3BB-25A5E075D4AE}.Release|Any CPU.ActiveCfg = Release|Any CPU
		{224A1A97-5943-4710-A3BB-25A5E075D4AE}.Release|Any CPU.Build.0 = Release|Any CPU
	EndGlobalSection
	GlobalSection(SolutionProperties) = preSolution
		HideSolutionNode = FALSE
	EndGlobalSection
	GlobalSection(ExtensibilityGlobals) = postSolution
		SolutionGuid = {F75263B2-880C-436C-A0F8-AD3B4099D674}
	EndGlobalSection
EndGlobal
